
Microsoft Visual Studio Solution File, Format Version 12.00
# Visual Studio Version 16
VisualStudioVersion = 16.0.30114.105
MinimumVisualStudioVersion = 10.0.40219.1
Project("{FAE04EC0-301F-11D3-BF4B-00C04F79EFBC}") = "JerrysQuest", "JerrysQuest\JerrysQuest.csproj", "{CDC78893-831D-4EB3-9ED7-1F669FB4B02B}"
EndProject
Global
	GlobalSection(SolutionConfigurationPlatforms) = preSolution
		Debug|Any CPU = Debug|Any CPU
		Release|Any CPU = Release|Any CPU
	EndGlobalSection
	GlobalSection(ProjectConfigurationPlatforms) = postSolution
		{CDC78893-831D-4EB3-9ED7-1F669FB4B02B}.Debug|Any CPU.ActiveCfg = Debug|Any CPU
		{CDC78893-831D-4EB3-9ED7-1F669FB4B02B}.Debug|Any CPU.Build.0 = Debug|Any CPU
		{CDC78893-831D-4EB3-9ED7-1F669FB4B02B}.Release|Any CPU.ActiveCfg = Release|Any CPU
		{CDC78893-831D-4EB3-9ED7-1F669FB4B02B}.Release|Any CPU.Build.0 = Release|Any CPU
	EndGlobalSection
	GlobalSection(SolutionProperties) = preSolution
		HideSolutionNode = FALSE
	EndGlobalSection
	GlobalSection(ExtensibilityGlobals) = postSolution
		SolutionGuid = {4F5DB513-332E-4EAE-BA36-A0A5976B1A49}
	EndGlobalSection
EndGlobal
